
Microsoft Visual Studio Solution File, Format Version 12.00
Project("{FAE04EC0-301F-11D3-BF4B-00C04F79EFBC}") = "MyTemplates", "MyTemplates\MyTemplates.csproj", "{0C4EFC48-CF4F-4673-854D-CB182750B3B4}"
EndProject
Project("{FAE04EC0-301F-11D3-BF4B-00C04F79EFBC}") = "MyTemplates.Prog", "MyTemplates.Prog\MyTemplates.Prog.csproj", "{F762E44D-3EFD-4850-B162-8F6FA3601815}"
EndProject
Global
	GlobalSection(SolutionConfigurationPlatforms) = preSolution
		Debug|Any CPU = Debug|Any CPU
		Release|Any CPU = Release|Any CPU
	EndGlobalSection
	GlobalSection(ProjectConfigurationPlatforms) = postSolution
		{0C4EFC48-CF4F-4673-854D-CB182750B3B4}.Debug|Any CPU.ActiveCfg = Debug|Any CPU
		{0C4EFC48-CF4F-4673-854D-CB182750B3B4}.Debug|Any CPU.Build.0 = Debug|Any CPU
		{0C4EFC48-CF4F-4673-854D-CB182750B3B4}.Release|Any CPU.ActiveCfg = Release|Any CPU
		{0C4EFC48-CF4F-4673-854D-CB182750B3B4}.Release|Any CPU.Build.0 = Release|Any CPU
		{F762E44D-3EFD-4850-B162-8F6FA3601815}.Debug|Any CPU.ActiveCfg = Debug|Any CPU
		{F762E44D-3EFD-4850-B162-8F6FA3601815}.Debug|Any CPU.Build.0 = Debug|Any CPU
		{F762E44D-3EFD-4850-B162-8F6FA3601815}.Release|Any CPU.ActiveCfg = Release|Any CPU
		{F762E44D-3EFD-4850-B162-8F6FA3601815}.Release|Any CPU.Build.0 = Release|Any CPU
	EndGlobalSection
EndGlobal
